
Microsoft Visual Studio Solution File, Format Version 12.00
# Visual Studio Version 16
VisualStudioVersion = 16.0.30611.23
MinimumVisualStudioVersion = 10.0.40219.1
Project("{FAE04EC0-301F-11D3-BF4B-00C04F79EFBC}") = "ConsoleApp8", "ConsoleApp8\ConsoleApp8.csproj", "{8CF9373F-1581-4597-B611-1FEA85DD534B}"
EndProject
Global
	GlobalSection(SolutionConfigurationPlatforms) = preSolution
		Debug|Any CPU = Debug|Any CPU
		Release|Any CPU = Release|Any CPU
	EndGlobalSection
	GlobalSection(ProjectConfigurationPlatforms) = postSolution
		{8CF9373F-1581-4597-B611-1FEA85DD534B}.Debug|Any CPU.ActiveCfg = Debug|Any CPU
		{8CF9373F-1581-4597-B611-1FEA85DD534B}.Debug|Any CPU.Build.0 = Debug|Any CPU
		{8CF9373F-1581-4597-B611-1FEA85DD534B}.Release|Any CPU.ActiveCfg = Release|Any CPU
		{8CF9373F-1581-4597-B611-1FEA85DD534B}.Release|Any CPU.Build.0 = Release|Any CPU
	EndGlobalSection
	GlobalSection(SolutionProperties) = preSolution
		HideSolutionNode = FALSE
	EndGlobalSection
	GlobalSection(ExtensibilityGlobals) = postSolution
		SolutionGuid = {D1417E3C-8815-47DA-94F3-308C3E4C126F}
	EndGlobalSection
EndGlobal
